
Microsoft Visual Studio Solution File, Format Version 11.00
# Visual Studio 2010
Project("{FAE04EC0-301F-11D3-BF4B-00C04F79EFBC}") = "FirstDemo.Core", "FirstDemo.Core\FirstDemo.Core.csproj", "{436FA3DF-D32E-45F4-92E4-5BDBC84500AA}"
EndProject
Project("{FAE04EC0-301F-11D3-BF4B-00C04F79EFBC}") = "FirstDemo.Droid", "FirstDemo.Droid\FirstDemo.Droid.csproj", "{8ADDD2EE-1332-47B4-B903-1ED3C4EB0DB4}"
EndProject
Project("{FAE04EC0-301F-11D3-BF4B-00C04F79EFBC}") = "FirstDemo.Touch", "FirstDemo.Touch\FirstDemo.Touch.csproj", "{425EA14F-B74E-42C8-957B-5F35A4830732}"
EndProject
Global
	GlobalSection(SolutionConfigurationPlatforms) = preSolution
		Debug|Any CPU = Debug|Any CPU
		Release|Any CPU = Release|Any CPU
		Debug|iPhoneSimulator = Debug|iPhoneSimulator
		Release|iPhoneSimulator = Release|iPhoneSimulator
		Debug|iPhone = Debug|iPhone
		Release|iPhone = Release|iPhone
		Ad-Hoc|iPhone = Ad-Hoc|iPhone
		AppStore|iPhone = AppStore|iPhone
	EndGlobalSection
	GlobalSection(ProjectConfigurationPlatforms) = postSolution
		{425EA14F-B74E-42C8-957B-5F35A4830732}.Ad-Hoc|iPhone.ActiveCfg = Ad-Hoc|iPhone
		{425EA14F-B74E-42C8-957B-5F35A4830732}.Ad-Hoc|iPhone.Build.0 = Ad-Hoc|iPhone
		{425EA14F-B74E-42C8-957B-5F35A4830732}.AppStore|iPhone.ActiveCfg = AppStore|iPhone
		{425EA14F-B74E-42C8-957B-5F35A4830732}.AppStore|iPhone.Build.0 = AppStore|iPhone
		{425EA14F-B74E-42C8-957B-5F35A4830732}.Debug|Any CPU.ActiveCfg = Debug|iPhoneSimulator
		{425EA14F-B74E-42C8-957B-5F35A4830732}.Debug|Any CPU.Build.0 = Debug|iPhoneSimulator
		{425EA14F-B74E-42C8-957B-5F35A4830732}.Debug|iPhone.ActiveCfg = Debug|iPhone
		{425EA14F-B74E-42C8-957B-5F35A4830732}.Debug|iPhone.Build.0 = Debug|iPhone
		{425EA14F-B74E-42C8-957B-5F35A4830732}.Debug|iPhoneSimulator.ActiveCfg = Debug|iPhoneSimulator
		{425EA14F-B74E-42C8-957B-5F35A4830732}.Debug|iPhoneSimulator.Build.0 = Debug|iPhoneSimulator
		{425EA14F-B74E-42C8-957B-5F35A4830732}.Release|Any CPU.ActiveCfg = Release|iPhoneSimulator
		{425EA14F-B74E-42C8-957B-5F35A4830732}.Release|Any CPU.Build.0 = Release|iPhoneSimulator
		{425EA14F-B74E-42C8-957B-5F35A4830732}.Release|iPhone.ActiveCfg = Release|iPhone
		{425EA14F-B74E-42C8-957B-5F35A4830732}.Release|iPhone.Build.0 = Release|iPhone
		{425EA14F-B74E-42C8-957B-5F35A4830732}.Release|iPhoneSimulator.ActiveCfg = Release|iPhoneSimulator
		{425EA14F-B74E-42C8-957B-5F35A4830732}.Release|iPhoneSimulator.Build.0 = Release|iPhoneSimulator
		{436FA3DF-D32E-45F4-92E4-5BDBC84500AA}.Ad-Hoc|iPhone.ActiveCfg = Debug|Any CPU
		{436FA3DF-D32E-45F4-92E4-5BDBC84500AA}.Ad-Hoc|iPhone.Build.0 = Debug|Any CPU
		{436FA3DF-D32E-45F4-92E4-5BDBC84500AA}.AppStore|iPhone.ActiveCfg = Debug|Any CPU
		{436FA3DF-D32E-45F4-92E4-5BDBC84500AA}.AppStore|iPhone.Build.0 = Debug|Any CPU
		{436FA3DF-D32E-45F4-92E4-5BDBC84500AA}.Debug|Any CPU.ActiveCfg = Debug|Any CPU
		{436FA3DF-D32E-45F4-92E4-5BDBC84500AA}.Debug|Any CPU.Build.0 = Debug|Any CPU
		{436FA3DF-D32E-45F4-92E4-5BDBC84500AA}.Debug|iPhone.ActiveCfg = Debug|Any CPU
		{436FA3DF-D32E-45F4-92E4-5BDBC84500AA}.Debug|iPhone.Build.0 = Debug|Any CPU
		{436FA3DF-D32E-45F4-92E4-5BDBC84500AA}.Debug|iPhoneSimulator.ActiveCfg = Debug|Any CPU
		{436FA3DF-D32E-45F4-92E4-5BDBC84500AA}.Debug|iPhoneSimulator.Build.0 = Debug|Any CPU
		{436FA3DF-D32E-45F4-92E4-5BDBC84500AA}.Release|Any CPU.ActiveCfg = Release|Any CPU
		{436FA3DF-D32E-45F4-92E4-5BDBC84500AA}.Release|Any CPU.Build.0 = Release|Any CPU
		{436FA3DF-D32E-45F4-92E4-5BDBC84500AA}.Release|iPhone.ActiveCfg = Release|Any CPU
		{436FA3DF-D32E-45F4-92E4-5BDBC84500AA}.Release|iPhone.Build.0 = Release|Any CPU
		{436FA3DF-D32E-45F4-92E4-5BDBC84500AA}.Release|iPhoneSimulator.ActiveCfg = Release|Any CPU
		{436FA3DF-D32E-45F4-92E4-5BDBC84500AA}.Release|iPhoneSimulator.Build.0 = Release|Any CPU
		{8ADDD2EE-1332-47B4-B903-1ED3C4EB0DB4}.Ad-Hoc|iPhone.ActiveCfg = Debug|Any CPU
		{8ADDD2EE-1332-47B4-B903-1ED3C4EB0DB4}.Ad-Hoc|iPhone.Build.0 = Debug|Any CPU
		{8ADDD2EE-1332-47B4-B903-1ED3C4EB0DB4}.AppStore|iPhone.ActiveCfg = Debug|Any CPU
		{8ADDD2EE-1332-47B4-B903-1ED3C4EB0DB4}.AppStore|iPhone.Build.0 = Debug|Any CPU
		{8ADDD2EE-1332-47B4-B903-1ED3C4EB0DB4}.Debug|Any CPU.ActiveCfg = Debug|Any CPU
		{8ADDD2EE-1332-47B4-B903-1ED3C4EB0DB4}.Debug|Any CPU.Build.0 = Debug|Any CPU
		{8ADDD2EE-1332-47B4-B903-1ED3C4EB0DB4}.Debug|iPhone.ActiveCfg = Debug|Any CPU
		{8ADDD2EE-1332-47B4-B903-1ED3C4EB0DB4}.Debug|iPhone.Build.0 = Debug|Any CPU
		{8ADDD2EE-1332-47B4-B903-1ED3C4EB0DB4}.Debug|iPhoneSimulator.ActiveCfg = Debug|Any CPU
		{8ADDD2EE-1332-47B4-B903-1ED3C4EB0DB4}.Debug|iPhoneSimulator.Build.0 = Debug|Any CPU
		{8ADDD2EE-1332-47B4-B903-1ED3C4EB0DB4}.Release|Any CPU.ActiveCfg = Release|Any CPU
		{8ADDD2EE-1332-47B4-B903-1ED3C4EB0DB4}.Release|Any CPU.Build.0 = Release|Any CPU
		{8ADDD2EE-1332-47B4-B903-1ED3C4EB0DB4}.Release|iPhone.ActiveCfg = Release|Any CPU
		{8ADDD2EE-1332-47B4-B903-1ED3C4EB0DB4}.Release|iPhone.Build.0 = Release|Any CPU
		{8ADDD2EE-1332-47B4-B903-1ED3C4EB0DB4}.Release|iPhoneSimulator.ActiveCfg = Release|Any CPU
		{8ADDD2EE-1332-47B4-B903-1ED3C4EB0DB4}.Release|iPhoneSimulator.Build.0 = Release|Any CPU
	EndGlobalSection
	GlobalSection(MonoDevelopProperties) = preSolution
		StartupItem = FirstDemo.Touch\FirstDemo.Touch.csproj
	EndGlobalSection
EndGlobal
